
Microsoft Visual Studio Solution File, Format Version 12.00
# Visual Studio 15
VisualStudioVersion = 15.0.28307.1831
MinimumVisualStudioVersion = 10.0.40219.1
Project("{FAE04EC0-301F-11D3-BF4B-00C04F79EFBC}") = "Project", "Project\Project.csproj", "{5F84DAE7-8CB9-479F-A3E9-08FE2D911894}"
EndProject
Project("{FAE04EC0-301F-11D3-BF4B-00C04F79EFBC}") = "Test", "..\..\Sections\Test\Test\Test.csproj", "{C4533BE7-5B55-4AA2-B94D-637E5DD56D9A}"
EndProject
Project("{FAE04EC0-301F-11D3-BF4B-00C04F79EFBC}") = "TestFK", "..\..\Sections\TestFK\TestFK\TestFK.csproj", "{61952271-F8E2-4460-A81C-264DE4615861}"
EndProject
Global
	GlobalSection(SolutionConfigurationPlatforms) = preSolution
		Debug|Any CPU = Debug|Any CPU
		Release|Any CPU = Release|Any CPU
	EndGlobalSection
	GlobalSection(ProjectConfigurationPlatforms) = postSolution
		{5F84DAE7-8CB9-479F-A3E9-08FE2D911894}.Debug|Any CPU.ActiveCfg = Debug|Any CPU
		{5F84DAE7-8CB9-479F-A3E9-08FE2D911894}.Debug|Any CPU.Build.0 = Debug|Any CPU
		{5F84DAE7-8CB9-479F-A3E9-08FE2D911894}.Release|Any CPU.ActiveCfg = Release|Any CPU
		{5F84DAE7-8CB9-479F-A3E9-08FE2D911894}.Release|Any CPU.Build.0 = Release|Any CPU
		{C4533BE7-5B55-4AA2-B94D-637E5DD56D9A}.Debug|Any CPU.ActiveCfg = Debug|Any CPU
		{C4533BE7-5B55-4AA2-B94D-637E5DD56D9A}.Debug|Any CPU.Build.0 = Debug|Any CPU
		{C4533BE7-5B55-4AA2-B94D-637E5DD56D9A}.Release|Any CPU.ActiveCfg = Release|Any CPU
		{C4533BE7-5B55-4AA2-B94D-637E5DD56D9A}.Release|Any CPU.Build.0 = Release|Any CPU
		{61952271-F8E2-4460-A81C-264DE4615861}.Debug|Any CPU.ActiveCfg = Debug|Any CPU
		{61952271-F8E2-4460-A81C-264DE4615861}.Debug|Any CPU.Build.0 = Debug|Any CPU
		{61952271-F8E2-4460-A81C-264DE4615861}.Release|Any CPU.ActiveCfg = Release|Any CPU
		{61952271-F8E2-4460-A81C-264DE4615861}.Release|Any CPU.Build.0 = Release|Any CPU
	EndGlobalSection
	GlobalSection(SolutionProperties) = preSolution
		HideSolutionNode = FALSE
	EndGlobalSection
	GlobalSection(ExtensibilityGlobals) = postSolution
		SolutionGuid = {FDAC677B-C18F-47BD-9554-9FDF9E65F11A}
	EndGlobalSection
EndGlobal
